
Microsoft Visual Studio Solution File, Format Version 12.00
# Visual Studio Version 17
VisualStudioVersion = 17.14.36408.4 d17.14
MinimumVisualStudioVersion = 10.0.40219.1
Project("{FAE04EC0-301F-11D3-BF4B-00C04F79EFBC}") = "Order.API", "Order.API\Order.API.csproj", "{A161543F-0B75-4955-8CE2-1A8DE58A9FF4}"
EndProject
Global
	GlobalSection(SolutionConfigurationPlatforms) = preSolution
		Debug|Any CPU = Debug|Any CPU
		Release|Any CPU = Release|Any CPU
	EndGlobalSection
	GlobalSection(ProjectConfigurationPlatforms) = postSolution
		{A161543F-0B75-4955-8CE2-1A8DE58A9FF4}.Debug|Any CPU.ActiveCfg = Debug|Any CPU
		{A161543F-0B75-4955-8CE2-1A8DE58A9FF4}.Debug|Any CPU.Build.0 = Debug|Any CPU
		{A161543F-0B75-4955-8CE2-1A8DE58A9FF4}.Release|Any CPU.ActiveCfg = Release|Any CPU
		{A161543F-0B75-4955-8CE2-1A8DE58A9FF4}.Release|Any CPU.Build.0 = Release|Any CPU
	EndGlobalSection
	GlobalSection(SolutionProperties) = preSolution
		HideSolutionNode = FALSE
	EndGlobalSection
	GlobalSection(ExtensibilityGlobals) = postSolution
		SolutionGuid = {ECB2FB27-3DF2-4B51-986A-220D03D5CE86}
	EndGlobalSection
EndGlobal
