
Microsoft Visual Studio Solution File, Format Version 12.00
# Visual Studio Version 17
VisualStudioVersion = 17.14.36408.4
MinimumVisualStudioVersion = 10.0.40219.1
Project("{2150E333-8FDC-42A3-9474-1A3956D46DE8}") = "SimpleProject", "SimpleProject", "{02EA681E-C7D8-13C7-8484-4AC65E1B71E8}"
EndProject
Project("{FAE04EC0-301F-11D3-BF4B-00C04F79EFBC}") = "Shared", "SimpleProject\Shared\Shared.csproj", "{E8E3D60A-1BE1-1930-3DB0-3BBF9C0EC597}"
EndProject
Project("{FAE04EC0-301F-11D3-BF4B-00C04F79EFBC}") = "Order.API", "SimpleProject\Order.API\Order.API.csproj", "{7FB35600-EDE4-CF98-496A-E76969F4EFB0}"
EndProject
Project("{FAE04EC0-301F-11D3-BF4B-00C04F79EFBC}") = "Payment.API", "SimpleProject\Payment.API\Payment.API.csproj", "{68C4E747-3A63-7D54-9DFE-E46BA7378FAF}"
EndProject
Project("{FAE04EC0-301F-11D3-BF4B-00C04F79EFBC}") = "Stock.API", "SimpleProject\Stock.API\Stock.API.csproj", "{4F0A50F9-5D6B-CE34-E556-C3F392A2B65B}"
EndProject
Project("{2150E333-8FDC-42A3-9474-1A3956D46DE8}") = "2PC.Example", "2PC.Example", "{E1511582-D2D7-4ECB-9000-86A5D04D76A9}"
EndProject
Project("{FAE04EC0-301F-11D3-BF4B-00C04F79EFBC}") = "Order.API", "2PC.Example\Order.API\Order.API.csproj", "{8EAB32DA-B6D2-4C55-8E3B-33753C1A3FA0}"
EndProject
Project("{FAE04EC0-301F-11D3-BF4B-00C04F79EFBC}") = "Payment.API", "2PC.Example\Payment.API\Payment.API.csproj", "{E634FDE1-DE51-4D3A-B2FB-B2FB6A27091E}"
EndProject
Project("{FAE04EC0-301F-11D3-BF4B-00C04F79EFBC}") = "Stock.API", "2PC.Example\Stock.API\Stock.API.csproj", "{3B1663A9-09E0-42A1-A6AF-C6E92F5ED827}"
EndProject
Project("{FAE04EC0-301F-11D3-BF4B-00C04F79EFBC}") = "Coordinator", "2PC.Example\Coordinator\Coordinator.csproj", "{BB9150E2-424C-5AA4-57D0-D2A893C55224}"
EndProject
Project("{2150E333-8FDC-42A3-9474-1A3956D46DE8}") = "Saga.Choreography.Example", "Saga.Choreography.Example", "{5F24BD96-AA05-4A2E-83A0-E50F8797E168}"
EndProject
Project("{FAE04EC0-301F-11D3-BF4B-00C04F79EFBC}") = "Order.API", "Saga.Choreography.Example\Order.API\Order.API.csproj", "{C328BB62-A5A9-4C8E-AA45-11A86525C31F}"
EndProject
Project("{FAE04EC0-301F-11D3-BF4B-00C04F79EFBC}") = "Payment.API", "Saga.Choreography.Example\Payment.API\Payment.API.csproj", "{50F711AC-4255-46C4-9D3B-5B0536D9E4CF}"
EndProject
Project("{FAE04EC0-301F-11D3-BF4B-00C04F79EFBC}") = "Shared", "Saga.Choreography.Example\Shared\Shared.csproj", "{2F145942-0274-4D25-A113-592C315C0CA0}"
EndProject
Project("{FAE04EC0-301F-11D3-BF4B-00C04F79EFBC}") = "Stock.API", "Saga.Choreography.Example\Stock.API\Stock.API.csproj", "{E1BA60D8-6C70-4FE7-8324-CFFA7D1B91FD}"
EndProject
Project("{2150E333-8FDC-42A3-9474-1A3956D46DE8}") = "Saga.Orchestration.Example", "Saga.Orchestration.Example", "{D0E7ECE9-55FC-4A4A-9ECF-3F3A3F017DA5}"
EndProject
Project("{FAE04EC0-301F-11D3-BF4B-00C04F79EFBC}") = "Order.API", "Saga.Orchestration.Example\Order.API\Order.API.csproj", "{AF0018A2-3CA0-467C-B17D-2E765B34CDEC}"
EndProject
Project("{FAE04EC0-301F-11D3-BF4B-00C04F79EFBC}") = "SagaStateMachine.Service", "Saga.Orchestration.Example\SagaStateMachine.Service\SagaStateMachine.Service.csproj", "{105AC62B-B0DE-4057-9663-DA3A47860583}"
EndProject
Project("{FAE04EC0-301F-11D3-BF4B-00C04F79EFBC}") = "Payment.API", "Saga.Orchestration.Example\Payment.API\Payment.API.csproj", "{D2D77486-3B75-42DE-BC86-A1DE29A580A0}"
EndProject
Project("{FAE04EC0-301F-11D3-BF4B-00C04F79EFBC}") = "Stock.API", "Saga.Orchestration.Example\Stock.API\Stock.API.csproj", "{C5629B26-03E5-470D-AA35-44C8F201EC09}"
EndProject
Project("{FAE04EC0-301F-11D3-BF4B-00C04F79EFBC}") = "Shared", "Saga.Orchestration.Example\Shared\Shared.csproj", "{E1CAB9B1-FEDA-4EA5-AB49-B14DC6C5FFE6}"
EndProject
Project("{2150E333-8FDC-42A3-9474-1A3956D46DE8}") = "Outbox.Inbox.Design.Pattern.Example", "Outbox.Inbox.Design.Pattern.Example", "{63D510D3-9AC8-4ED9-AE56-0B15C13E5019}"
EndProject
Project("{FAE04EC0-301F-11D3-BF4B-00C04F79EFBC}") = "Order.API", "Outbox.Inbox.Design.Pattern.Example\Order.API\Order.API.csproj", "{C6B210E4-6C76-48FE-BFC2-0121465F74BF}"
EndProject
Global
	GlobalSection(SolutionConfigurationPlatforms) = preSolution
		Debug|Any CPU = Debug|Any CPU
		Release|Any CPU = Release|Any CPU
	EndGlobalSection
	GlobalSection(ProjectConfigurationPlatforms) = postSolution
		{E8E3D60A-1BE1-1930-3DB0-3BBF9C0EC597}.Debug|Any CPU.ActiveCfg = Debug|Any CPU
		{E8E3D60A-1BE1-1930-3DB0-3BBF9C0EC597}.Debug|Any CPU.Build.0 = Debug|Any CPU
		{E8E3D60A-1BE1-1930-3DB0-3BBF9C0EC597}.Release|Any CPU.ActiveCfg = Release|Any CPU
		{E8E3D60A-1BE1-1930-3DB0-3BBF9C0EC597}.Release|Any CPU.Build.0 = Release|Any CPU
		{7FB35600-EDE4-CF98-496A-E76969F4EFB0}.Debug|Any CPU.ActiveCfg = Debug|Any CPU
		{7FB35600-EDE4-CF98-496A-E76969F4EFB0}.Debug|Any CPU.Build.0 = Debug|Any CPU
		{7FB35600-EDE4-CF98-496A-E76969F4EFB0}.Release|Any CPU.ActiveCfg = Release|Any CPU
		{7FB35600-EDE4-CF98-496A-E76969F4EFB0}.Release|Any CPU.Build.0 = Release|Any CPU
		{68C4E747-3A63-7D54-9DFE-E46BA7378FAF}.Debug|Any CPU.ActiveCfg = Debug|Any CPU
		{68C4E747-3A63-7D54-9DFE-E46BA7378FAF}.Debug|Any CPU.Build.0 = Debug|Any CPU
		{68C4E747-3A63-7D54-9DFE-E46BA7378FAF}.Release|Any CPU.ActiveCfg = Release|Any CPU
		{68C4E747-3A63-7D54-9DFE-E46BA7378FAF}.Release|Any CPU.Build.0 = Release|Any CPU
		{4F0A50F9-5D6B-CE34-E556-C3F392A2B65B}.Debug|Any CPU.ActiveCfg = Debug|Any CPU
		{4F0A50F9-5D6B-CE34-E556-C3F392A2B65B}.Debug|Any CPU.Build.0 = Debug|Any CPU
		{4F0A50F9-5D6B-CE34-E556-C3F392A2B65B}.Release|Any CPU.ActiveCfg = Release|Any CPU
		{4F0A50F9-5D6B-CE34-E556-C3F392A2B65B}.Release|Any CPU.Build.0 = Release|Any CPU
		{8EAB32DA-B6D2-4C55-8E3B-33753C1A3FA0}.Debug|Any CPU.ActiveCfg = Debug|Any CPU
		{8EAB32DA-B6D2-4C55-8E3B-33753C1A3FA0}.Debug|Any CPU.Build.0 = Debug|Any CPU
		{8EAB32DA-B6D2-4C55-8E3B-33753C1A3FA0}.Release|Any CPU.ActiveCfg = Release|Any CPU
		{8EAB32DA-B6D2-4C55-8E3B-33753C1A3FA0}.Release|Any CPU.Build.0 = Release|Any CPU
		{E634FDE1-DE51-4D3A-B2FB-B2FB6A27091E}.Debug|Any CPU.ActiveCfg = Debug|Any CPU
		{E634FDE1-DE51-4D3A-B2FB-B2FB6A27091E}.Debug|Any CPU.Build.0 = Debug|Any CPU
		{E634FDE1-DE51-4D3A-B2FB-B2FB6A27091E}.Release|Any CPU.ActiveCfg = Release|Any CPU
		{E634FDE1-DE51-4D3A-B2FB-B2FB6A27091E}.Release|Any CPU.Build.0 = Release|Any CPU
		{3B1663A9-09E0-42A1-A6AF-C6E92F5ED827}.Debug|Any CPU.ActiveCfg = Debug|Any CPU
		{3B1663A9-09E0-42A1-A6AF-C6E92F5ED827}.Debug|Any CPU.Build.0 = Debug|Any CPU
		{3B1663A9-09E0-42A1-A6AF-C6E92F5ED827}.Release|Any CPU.ActiveCfg = Release|Any CPU
		{3B1663A9-09E0-42A1-A6AF-C6E92F5ED827}.Release|Any CPU.Build.0 = Release|Any CPU
		{BB9150E2-424C-5AA4-57D0-D2A893C55224}.Debug|Any CPU.ActiveCfg = Debug|Any CPU
		{BB9150E2-424C-5AA4-57D0-D2A893C55224}.Debug|Any CPU.Build.0 = Debug|Any CPU
		{BB9150E2-424C-5AA4-57D0-D2A893C55224}.Release|Any CPU.ActiveCfg = Release|Any CPU
		{BB9150E2-424C-5AA4-57D0-D2A893C55224}.Release|Any CPU.Build.0 = Release|Any CPU
		{C328BB62-A5A9-4C8E-AA45-11A86525C31F}.Debug|Any CPU.ActiveCfg = Debug|Any CPU
		{C328BB62-A5A9-4C8E-AA45-11A86525C31F}.Debug|Any CPU.Build.0 = Debug|Any CPU
		{C328BB62-A5A9-4C8E-AA45-11A86525C31F}.Release|Any CPU.ActiveCfg = Release|Any CPU
		{C328BB62-A5A9-4C8E-AA45-11A86525C31F}.Release|Any CPU.Build.0 = Release|Any CPU
		{50F711AC-4255-46C4-9D3B-5B0536D9E4CF}.Debug|Any CPU.ActiveCfg = Debug|Any CPU
		{50F711AC-4255-46C4-9D3B-5B0536D9E4CF}.Debug|Any CPU.Build.0 = Debug|Any CPU
		{50F711AC-4255-46C4-9D3B-5B0536D9E4CF}.Release|Any CPU.ActiveCfg = Release|Any CPU
		{50F711AC-4255-46C4-9D3B-5B0536D9E4CF}.Release|Any CPU.Build.0 = Release|Any CPU
		{2F145942-0274-4D25-A113-592C315C0CA0}.Debug|Any CPU.ActiveCfg = Debug|Any CPU
		{2F145942-0274-4D25-A113-592C315C0CA0}.Debug|Any CPU.Build.0 = Debug|Any CPU
		{2F145942-0274-4D25-A113-592C315C0CA0}.Release|Any CPU.ActiveCfg = Release|Any CPU
		{2F145942-0274-4D25-A113-592C315C0CA0}.Release|Any CPU.Build.0 = Release|Any CPU
		{E1BA60D8-6C70-4FE7-8324-CFFA7D1B91FD}.Debug|Any CPU.ActiveCfg = Debug|Any CPU
		{E1BA60D8-6C70-4FE7-8324-CFFA7D1B91FD}.Debug|Any CPU.Build.0 = Debug|Any CPU
		{E1BA60D8-6C70-4FE7-8324-CFFA7D1B91FD}.Release|Any CPU.ActiveCfg = Release|Any CPU
		{E1BA60D8-6C70-4FE7-8324-CFFA7D1B91FD}.Release|Any CPU.Build.0 = Release|Any CPU
		{AF0018A2-3CA0-467C-B17D-2E765B34CDEC}.Debug|Any CPU.ActiveCfg = Debug|Any CPU
		{AF0018A2-3CA0-467C-B17D-2E765B34CDEC}.Debug|Any CPU.Build.0 = Debug|Any CPU
		{AF0018A2-3CA0-467C-B17D-2E765B34CDEC}.Release|Any CPU.ActiveCfg = Release|Any CPU
		{AF0018A2-3CA0-467C-B17D-2E765B34CDEC}.Release|Any CPU.Build.0 = Release|Any CPU
		{105AC62B-B0DE-4057-9663-DA3A47860583}.Debug|Any CPU.ActiveCfg = Debug|Any CPU
		{105AC62B-B0DE-4057-9663-DA3A47860583}.Debug|Any CPU.Build.0 = Debug|Any CPU
		{105AC62B-B0DE-4057-9663-DA3A47860583}.Release|Any CPU.ActiveCfg = Release|Any CPU
		{105AC62B-B0DE-4057-9663-DA3A47860583}.Release|Any CPU.Build.0 = Release|Any CPU
		{D2D77486-3B75-42DE-BC86-A1DE29A580A0}.Debug|Any CPU.ActiveCfg = Debug|Any CPU
		{D2D77486-3B75-42DE-BC86-A1DE29A580A0}.Debug|Any CPU.Build.0 = Debug|Any CPU
		{D2D77486-3B75-42DE-BC86-A1DE29A580A0}.Release|Any CPU.ActiveCfg = Release|Any CPU
		{D2D77486-3B75-42DE-BC86-A1DE29A580A0}.Release|Any CPU.Build.0 = Release|Any CPU
		{C5629B26-03E5-470D-AA35-44C8F201EC09}.Debug|Any CPU.ActiveCfg = Debug|Any CPU
		{C5629B26-03E5-470D-AA35-44C8F201EC09}.Debug|Any CPU.Build.0 = Debug|Any CPU
		{C5629B26-03E5-470D-AA35-44C8F201EC09}.Release|Any CPU.ActiveCfg = Release|Any CPU
		{C5629B26-03E5-470D-AA35-44C8F201EC09}.Release|Any CPU.Build.0 = Release|Any CPU
		{E1CAB9B1-FEDA-4EA5-AB49-B14DC6C5FFE6}.Debug|Any CPU.ActiveCfg = Debug|Any CPU
		{E1CAB9B1-FEDA-4EA5-AB49-B14DC6C5FFE6}.Debug|Any CPU.Build.0 = Debug|Any CPU
		{E1CAB9B1-FEDA-4EA5-AB49-B14DC6C5FFE6}.Release|Any CPU.ActiveCfg = Release|Any CPU
		{E1CAB9B1-FEDA-4EA5-AB49-B14DC6C5FFE6}.Release|Any CPU.Build.0 = Release|Any CPU
		{C6B210E4-6C76-48FE-BFC2-0121465F74BF}.Debug|Any CPU.ActiveCfg = Debug|Any CPU
		{C6B210E4-6C76-48FE-BFC2-0121465F74BF}.Debug|Any CPU.Build.0 = Debug|Any CPU
		{C6B210E4-6C76-48FE-BFC2-0121465F74BF}.Release|Any CPU.ActiveCfg = Release|Any CPU
		{C6B210E4-6C76-48FE-BFC2-0121465F74BF}.Release|Any CPU.Build.0 = Release|Any CPU
	EndGlobalSection
	GlobalSection(SolutionProperties) = preSolution
		HideSolutionNode = FALSE
	EndGlobalSection
	GlobalSection(NestedProjects) = preSolution
		{E8E3D60A-1BE1-1930-3DB0-3BBF9C0EC597} = {02EA681E-C7D8-13C7-8484-4AC65E1B71E8}
		{7FB35600-EDE4-CF98-496A-E76969F4EFB0} = {02EA681E-C7D8-13C7-8484-4AC65E1B71E8}
		{68C4E747-3A63-7D54-9DFE-E46BA7378FAF} = {02EA681E-C7D8-13C7-8484-4AC65E1B71E8}
		{4F0A50F9-5D6B-CE34-E556-C3F392A2B65B} = {02EA681E-C7D8-13C7-8484-4AC65E1B71E8}
		{8EAB32DA-B6D2-4C55-8E3B-33753C1A3FA0} = {E1511582-D2D7-4ECB-9000-86A5D04D76A9}
		{E634FDE1-DE51-4D3A-B2FB-B2FB6A27091E} = {E1511582-D2D7-4ECB-9000-86A5D04D76A9}
		{3B1663A9-09E0-42A1-A6AF-C6E92F5ED827} = {E1511582-D2D7-4ECB-9000-86A5D04D76A9}
		{BB9150E2-424C-5AA4-57D0-D2A893C55224} = {E1511582-D2D7-4ECB-9000-86A5D04D76A9}
		{C328BB62-A5A9-4C8E-AA45-11A86525C31F} = {5F24BD96-AA05-4A2E-83A0-E50F8797E168}
		{50F711AC-4255-46C4-9D3B-5B0536D9E4CF} = {5F24BD96-AA05-4A2E-83A0-E50F8797E168}
		{2F145942-0274-4D25-A113-592C315C0CA0} = {5F24BD96-AA05-4A2E-83A0-E50F8797E168}
		{E1BA60D8-6C70-4FE7-8324-CFFA7D1B91FD} = {5F24BD96-AA05-4A2E-83A0-E50F8797E168}
		{AF0018A2-3CA0-467C-B17D-2E765B34CDEC} = {D0E7ECE9-55FC-4A4A-9ECF-3F3A3F017DA5}
		{105AC62B-B0DE-4057-9663-DA3A47860583} = {D0E7ECE9-55FC-4A4A-9ECF-3F3A3F017DA5}
		{D2D77486-3B75-42DE-BC86-A1DE29A580A0} = {D0E7ECE9-55FC-4A4A-9ECF-3F3A3F017DA5}
		{C5629B26-03E5-470D-AA35-44C8F201EC09} = {D0E7ECE9-55FC-4A4A-9ECF-3F3A3F017DA5}
		{E1CAB9B1-FEDA-4EA5-AB49-B14DC6C5FFE6} = {D0E7ECE9-55FC-4A4A-9ECF-3F3A3F017DA5}
		{C6B210E4-6C76-48FE-BFC2-0121465F74BF} = {63D510D3-9AC8-4ED9-AE56-0B15C13E5019}
	EndGlobalSection
	GlobalSection(ExtensibilityGlobals) = postSolution
		SolutionGuid = {ECB2FB27-3DF2-4B51-986A-220D03D5CE86}
	EndGlobalSection
EndGlobal
