
Microsoft Visual Studio Solution File, Format Version 12.00
# Visual Studio Version 17
VisualStudioVersion = 17.14.36408.4
MinimumVisualStudioVersion = 10.0.40219.1
Project("{2150E333-8FDC-42A3-9474-1A3956D46DE8}") = "SimpleProject", "SimpleProject", "{02EA681E-C7D8-13C7-8484-4AC65E1B71E8}"
EndProject
Project("{FAE04EC0-301F-11D3-BF4B-00C04F79EFBC}") = "Shared", "SimpleProject\Shared\Shared.csproj", "{E8E3D60A-1BE1-1930-3DB0-3BBF9C0EC597}"
EndProject
Project("{FAE04EC0-301F-11D3-BF4B-00C04F79EFBC}") = "Order.API", "SimpleProject\Order.API\Order.API.csproj", "{7FB35600-EDE4-CF98-496A-E76969F4EFB0}"
EndProject
Project("{FAE04EC0-301F-11D3-BF4B-00C04F79EFBC}") = "Payment.API", "SimpleProject\Payment.API\Payment.API.csproj", "{68C4E747-3A63-7D54-9DFE-E46BA7378FAF}"
EndProject
Project("{FAE04EC0-301F-11D3-BF4B-00C04F79EFBC}") = "Stock.API", "SimpleProject\Stock.API\Stock.API.csproj", "{4F0A50F9-5D6B-CE34-E556-C3F392A2B65B}"
EndProject
Project("{FAE04EC0-301F-11D3-BF4B-00C04F79EFBC}") = "Coordinator", "2PC.Example\Coordinator\Coordinator.csproj", "{D18E2A63-C0E1-4FC0-A196-5137D5AE96E8}"
EndProject
Project("{2150E333-8FDC-42A3-9474-1A3956D46DE8}") = "2PC.Example", "2PC.Example", "{E1511582-D2D7-4ECB-9000-86A5D04D76A9}"
EndProject
Project("{FAE04EC0-301F-11D3-BF4B-00C04F79EFBC}") = "Order.API", "2PC.Example\Order.API\Order.API.csproj", "{8EAB32DA-B6D2-4C55-8E3B-33753C1A3FA0}"
EndProject
Project("{FAE04EC0-301F-11D3-BF4B-00C04F79EFBC}") = "Payment.API", "2PC.Example\Payment.API\Payment.API.csproj", "{E634FDE1-DE51-4D3A-B2FB-B2FB6A27091E}"
EndProject
Project("{FAE04EC0-301F-11D3-BF4B-00C04F79EFBC}") = "Stock.API", "2PC.Example\Stock.API\Stock.API.csproj", "{3B1663A9-09E0-42A1-A6AF-C6E92F5ED827}"
EndProject
Global
	GlobalSection(SolutionConfigurationPlatforms) = preSolution
		Debug|Any CPU = Debug|Any CPU
		Release|Any CPU = Release|Any CPU
	EndGlobalSection
	GlobalSection(ProjectConfigurationPlatforms) = postSolution
		{E8E3D60A-1BE1-1930-3DB0-3BBF9C0EC597}.Debug|Any CPU.ActiveCfg = Debug|Any CPU
		{E8E3D60A-1BE1-1930-3DB0-3BBF9C0EC597}.Debug|Any CPU.Build.0 = Debug|Any CPU
		{E8E3D60A-1BE1-1930-3DB0-3BBF9C0EC597}.Release|Any CPU.ActiveCfg = Release|Any CPU
		{E8E3D60A-1BE1-1930-3DB0-3BBF9C0EC597}.Release|Any CPU.Build.0 = Release|Any CPU
		{7FB35600-EDE4-CF98-496A-E76969F4EFB0}.Debug|Any CPU.ActiveCfg = Debug|Any CPU
		{7FB35600-EDE4-CF98-496A-E76969F4EFB0}.Debug|Any CPU.Build.0 = Debug|Any CPU
		{7FB35600-EDE4-CF98-496A-E76969F4EFB0}.Release|Any CPU.ActiveCfg = Release|Any CPU
		{7FB35600-EDE4-CF98-496A-E76969F4EFB0}.Release|Any CPU.Build.0 = Release|Any CPU
		{68C4E747-3A63-7D54-9DFE-E46BA7378FAF}.Debug|Any CPU.ActiveCfg = Debug|Any CPU
		{68C4E747-3A63-7D54-9DFE-E46BA7378FAF}.Debug|Any CPU.Build.0 = Debug|Any CPU
		{68C4E747-3A63-7D54-9DFE-E46BA7378FAF}.Release|Any CPU.ActiveCfg = Release|Any CPU
		{68C4E747-3A63-7D54-9DFE-E46BA7378FAF}.Release|Any CPU.Build.0 = Release|Any CPU
		{4F0A50F9-5D6B-CE34-E556-C3F392A2B65B}.Debug|Any CPU.ActiveCfg = Debug|Any CPU
		{4F0A50F9-5D6B-CE34-E556-C3F392A2B65B}.Debug|Any CPU.Build.0 = Debug|Any CPU
		{4F0A50F9-5D6B-CE34-E556-C3F392A2B65B}.Release|Any CPU.ActiveCfg = Release|Any CPU
		{4F0A50F9-5D6B-CE34-E556-C3F392A2B65B}.Release|Any CPU.Build.0 = Release|Any CPU
		{D18E2A63-C0E1-4FC0-A196-5137D5AE96E8}.Debug|Any CPU.ActiveCfg = Debug|Any CPU
		{D18E2A63-C0E1-4FC0-A196-5137D5AE96E8}.Debug|Any CPU.Build.0 = Debug|Any CPU
		{D18E2A63-C0E1-4FC0-A196-5137D5AE96E8}.Release|Any CPU.ActiveCfg = Release|Any CPU
		{D18E2A63-C0E1-4FC0-A196-5137D5AE96E8}.Release|Any CPU.Build.0 = Release|Any CPU
		{8EAB32DA-B6D2-4C55-8E3B-33753C1A3FA0}.Debug|Any CPU.ActiveCfg = Debug|Any CPU
		{8EAB32DA-B6D2-4C55-8E3B-33753C1A3FA0}.Debug|Any CPU.Build.0 = Debug|Any CPU
		{8EAB32DA-B6D2-4C55-8E3B-33753C1A3FA0}.Release|Any CPU.ActiveCfg = Release|Any CPU
		{8EAB32DA-B6D2-4C55-8E3B-33753C1A3FA0}.Release|Any CPU.Build.0 = Release|Any CPU
		{E634FDE1-DE51-4D3A-B2FB-B2FB6A27091E}.Debug|Any CPU.ActiveCfg = Debug|Any CPU
		{E634FDE1-DE51-4D3A-B2FB-B2FB6A27091E}.Debug|Any CPU.Build.0 = Debug|Any CPU
		{E634FDE1-DE51-4D3A-B2FB-B2FB6A27091E}.Release|Any CPU.ActiveCfg = Release|Any CPU
		{E634FDE1-DE51-4D3A-B2FB-B2FB6A27091E}.Release|Any CPU.Build.0 = Release|Any CPU
		{3B1663A9-09E0-42A1-A6AF-C6E92F5ED827}.Debug|Any CPU.ActiveCfg = Debug|Any CPU
		{3B1663A9-09E0-42A1-A6AF-C6E92F5ED827}.Debug|Any CPU.Build.0 = Debug|Any CPU
		{3B1663A9-09E0-42A1-A6AF-C6E92F5ED827}.Release|Any CPU.ActiveCfg = Release|Any CPU
		{3B1663A9-09E0-42A1-A6AF-C6E92F5ED827}.Release|Any CPU.Build.0 = Release|Any CPU
	EndGlobalSection
	GlobalSection(SolutionProperties) = preSolution
		HideSolutionNode = FALSE
	EndGlobalSection
	GlobalSection(NestedProjects) = preSolution
		{E8E3D60A-1BE1-1930-3DB0-3BBF9C0EC597} = {02EA681E-C7D8-13C7-8484-4AC65E1B71E8}
		{7FB35600-EDE4-CF98-496A-E76969F4EFB0} = {02EA681E-C7D8-13C7-8484-4AC65E1B71E8}
		{68C4E747-3A63-7D54-9DFE-E46BA7378FAF} = {02EA681E-C7D8-13C7-8484-4AC65E1B71E8}
		{4F0A50F9-5D6B-CE34-E556-C3F392A2B65B} = {02EA681E-C7D8-13C7-8484-4AC65E1B71E8}
		{D18E2A63-C0E1-4FC0-A196-5137D5AE96E8} = {E1511582-D2D7-4ECB-9000-86A5D04D76A9}
		{8EAB32DA-B6D2-4C55-8E3B-33753C1A3FA0} = {E1511582-D2D7-4ECB-9000-86A5D04D76A9}
		{E634FDE1-DE51-4D3A-B2FB-B2FB6A27091E} = {E1511582-D2D7-4ECB-9000-86A5D04D76A9}
		{3B1663A9-09E0-42A1-A6AF-C6E92F5ED827} = {E1511582-D2D7-4ECB-9000-86A5D04D76A9}
	EndGlobalSection
	GlobalSection(ExtensibilityGlobals) = postSolution
		SolutionGuid = {ECB2FB27-3DF2-4B51-986A-220D03D5CE86}
	EndGlobalSection
EndGlobal
